
Microsoft Visual Studio Solution File, Format Version 12.00
# Visual Studio Version 16
VisualStudioVersion = 16.0.29926.136
MinimumVisualStudioVersion = 10.0.40219.1
Project("{9A19103F-16F7-4668-BE54-9A1E7A4F7556}") = "AzureStorageClient.Blob", "Projects\AzureStorageClient.Blob\AzureStorageClient.Blob.csproj", "{3B38928B-9B41-4808-B727-65D818583ED3}"
EndProject
Project("{2150E333-8FDC-42A3-9474-1A3956D46DE8}") = "Projects", "Projects", "{04AA9A55-9AE9-4388-82DC-93F2C6CF8E12}"
EndProject
Project("{2150E333-8FDC-42A3-9474-1A3956D46DE8}") = "Tests", "Tests", "{801744BC-B403-4E9E-93AA-E0B32D8B0447}"
EndProject
Project("{9A19103F-16F7-4668-BE54-9A1E7A4F7556}") = "AzureStorageClient.IntegrationTests", "Tests\AzureStorageClient.IntegrationTests\AzureStorageClient.IntegrationTests.csproj", "{50AB3DB8-BF32-4628-AC97-3B8A048DD859}"
EndProject
Project("{2150E333-8FDC-42A3-9474-1A3956D46DE8}") = ".slnResources", ".slnResources", "{2BF79F63-67BA-4763-B1EB-565FD266E462}"
	ProjectSection(SolutionItems) = preProject
		.editorconfig = .editorconfig
		AzureStorageClient.ruleset = AzureStorageClient.ruleset
		README.md = README.md
	EndProjectSection
EndProject
Project("{9A19103F-16F7-4668-BE54-9A1E7A4F7556}") = "AzureStorageClient.Table", "Projects\AzureStorageClient.Table\AzureStorageClient.Table.csproj", "{D6564434-595B-4C10-B292-67471B7A236F}"
EndProject
Global
	GlobalSection(SolutionConfigurationPlatforms) = preSolution
		Debug|x64 = Debug|x64
		Release|x64 = Release|x64
	EndGlobalSection
	GlobalSection(ProjectConfigurationPlatforms) = postSolution
		{3B38928B-9B41-4808-B727-65D818583ED3}.Debug|x64.ActiveCfg = Debug|x64
		{3B38928B-9B41-4808-B727-65D818583ED3}.Debug|x64.Build.0 = Debug|x64
		{3B38928B-9B41-4808-B727-65D818583ED3}.Release|x64.ActiveCfg = Release|x64
		{3B38928B-9B41-4808-B727-65D818583ED3}.Release|x64.Build.0 = Release|x64
		{50AB3DB8-BF32-4628-AC97-3B8A048DD859}.Debug|x64.ActiveCfg = Debug|x64
		{50AB3DB8-BF32-4628-AC97-3B8A048DD859}.Debug|x64.Build.0 = Debug|x64
		{50AB3DB8-BF32-4628-AC97-3B8A048DD859}.Release|x64.ActiveCfg = Release|x64
		{50AB3DB8-BF32-4628-AC97-3B8A048DD859}.Release|x64.Build.0 = Release|x64
		{D6564434-595B-4C10-B292-67471B7A236F}.Debug|x64.ActiveCfg = Debug|x64
		{D6564434-595B-4C10-B292-67471B7A236F}.Debug|x64.Build.0 = Debug|x64
		{D6564434-595B-4C10-B292-67471B7A236F}.Release|x64.ActiveCfg = Release|x64
		{D6564434-595B-4C10-B292-67471B7A236F}.Release|x64.Build.0 = Release|x64
	EndGlobalSection
	GlobalSection(SolutionProperties) = preSolution
		HideSolutionNode = FALSE
	EndGlobalSection
	GlobalSection(NestedProjects) = preSolution
		{3B38928B-9B41-4808-B727-65D818583ED3} = {04AA9A55-9AE9-4388-82DC-93F2C6CF8E12}
		{50AB3DB8-BF32-4628-AC97-3B8A048DD859} = {801744BC-B403-4E9E-93AA-E0B32D8B0447}
		{D6564434-595B-4C10-B292-67471B7A236F} = {04AA9A55-9AE9-4388-82DC-93F2C6CF8E12}
	EndGlobalSection
	GlobalSection(ExtensibilityGlobals) = postSolution
		SolutionGuid = {9CDA2F1B-7B6A-4F50-BB2B-9F5D8DBFD24C}
	EndGlobalSection
EndGlobal
